// !$*UTF8*$!
{
	archiveVersion = 1;
	classes = {
	};
	objectVersion = 46;
	objects = {

/* Begin PBXBuildFile section */
		BC20052B1C4805E100B4C9D6 /* LoginViewController.swift in Sources */ = {isa = PBXBuildFile; fileRef = BC2005291C4805E100B4C9D6 /* LoginViewController.swift */; };
		BC20052C1C4805E100B4C9D6 /* LoginViewController.xib in Resources */ = {isa = PBXBuildFile; fileRef = BC20052A1C4805E100B4C9D6 /* LoginViewController.xib */; };
		BC20052F1C4806D100B4C9D6 /* UserViewController.swift in Sources */ = {isa = PBXBuildFile; fileRef = BC20052D1C4806D100B4C9D6 /* UserViewController.swift */; };
		BC2005301C4806D100B4C9D6 /* UserViewController.xib in Resources */ = {isa = PBXBuildFile; fileRef = BC20052E1C4806D100B4C9D6 /* UserViewController.xib */; };
		BC2381111BB461DE0060CC80 /* AppDelegate.swift in Sources */ = {isa = PBXBuildFile; fileRef = BC2381101BB461DE0060CC80 /* AppDelegate.swift */; };
		BC2381181BB461DE0060CC80 /* Assets.xcassets in Resources */ = {isa = PBXBuildFile; fileRef = BC2381171BB461DE0060CC80 /* Assets.xcassets */; };
		BC23811B1BB461DE0060CC80 /* LaunchScreen.storyboard in Resources */ = {isa = PBXBuildFile; fileRef = BC2381191BB461DE0060CC80 /* LaunchScreen.storyboard */; };
		BC89A2041C59457E00E5F60E /* Localizable.strings in Resources */ = {isa = PBXBuildFile; fileRef = BC89A2031C59457E00E5F60E /* Localizable.strings */; };
/* End PBXBuildFile section */

/* Begin PBXContainerItemProxy section */
		BC7C7BEB1BCE782C00CB0CDD /* PBXContainerItemProxy */ = {
			isa = PBXContainerItemProxy;
			containerPortal = BC2381BE1BB465260060CC80 /* UpholdSdk.xcodeproj */;
			proxyType = 2;
			remoteGlobalIDString = BC23812C1BB462170060CC80;
			remoteInfo = UpholdSdk;
		};
		BC7C7BED1BCE782C00CB0CDD /* PBXContainerItemProxy */ = {
			isa = PBXContainerItemProxy;
			containerPortal = BC2381BE1BB465260060CC80 /* UpholdSdk.xcodeproj */;
			proxyType = 2;
			remoteGlobalIDString = BC2381361BB462180060CC80;
			remoteInfo = UpholdSdkTests;
		};
		BC8E257C1BCFBBA100C15899 /* PBXContainerItemProxy */ = {
			isa = PBXContainerItemProxy;
			containerPortal = BC2381BE1BB465260060CC80 /* UpholdSdk.xcodeproj */;
			proxyType = 1;
			remoteGlobalIDString = BC23812B1BB462170060CC80;
			remoteInfo = UpholdSdk;
		};
/* End PBXContainerItemProxy section */

/* Begin PBXFileReference section */
		BC2005291C4805E100B4C9D6 /* LoginViewController.swift */ = {isa = PBXFileReference; fileEncoding = 4; lastKnownFileType = sourcecode.swift; name = LoginViewController.swift; path = ViewController/LoginViewController/LoginViewController.swift; sourceTree = "<group>"; };
		BC20052A1C4805E100B4C9D6 /* LoginViewController.xib */ = {isa = PBXFileReference; fileEncoding = 4; lastKnownFileType = file.xib; name = LoginViewController.xib; path = ViewController/LoginViewController/LoginViewController.xib; sourceTree = "<group>"; };
		BC20052D1C4806D100B4C9D6 /* UserViewController.swift */ = {isa = PBXFileReference; fileEncoding = 4; lastKnownFileType = sourcecode.swift; name = UserViewController.swift; path = ViewController/UserViewController/UserViewController.swift; sourceTree = "<group>"; };
		BC20052E1C4806D100B4C9D6 /* UserViewController.xib */ = {isa = PBXFileReference; fileEncoding = 4; lastKnownFileType = file.xib; name = UserViewController.xib; path = ViewController/UserViewController/UserViewController.xib; sourceTree = "<group>"; };
		BC23810D1BB461DE0060CC80 /* Example.app */ = {isa = PBXFileReference; explicitFileType = wrapper.application; includeInIndex = 0; path = Example.app; sourceTree = BUILT_PRODUCTS_DIR; };
		BC2381101BB461DE0060CC80 /* AppDelegate.swift */ = {isa = PBXFileReference; lastKnownFileType = sourcecode.swift; path = AppDelegate.swift; sourceTree = "<group>"; };
		BC2381171BB461DE0060CC80 /* Assets.xcassets */ = {isa = PBXFileReference; lastKnownFileType = folder.assetcatalog; path = Assets.xcassets; sourceTree = "<group>"; };
		BC23811A1BB461DE0060CC80 /* Base */ = {isa = PBXFileReference; lastKnownFileType = file.storyboard; name = Base; path = Base.lproj/LaunchScreen.storyboard; sourceTree = "<group>"; };
		BC23811C1BB461DE0060CC80 /* Info.plist */ = {isa = PBXFileReference; lastKnownFileType = text.plist.xml; path = Info.plist; sourceTree = "<group>"; };
		BC2381BE1BB465260060CC80 /* UpholdSdk.xcodeproj */ = {isa = PBXFileReference; lastKnownFileType = "wrapper.pb-project"; path = UpholdSdk.xcodeproj; sourceTree = "<group>"; };
		BC89A2031C59457E00E5F60E /* Localizable.strings */ = {isa = PBXFileReference; fileEncoding = 4; lastKnownFileType = text.plist.strings; name = Localizable.strings; path = Resources/Localizable.strings; sourceTree = "<group>"; };
/* End PBXFileReference section */

/* Begin PBXFrameworksBuildPhase section */
		BC23810A1BB461DE0060CC80 /* Frameworks */ = {
			isa = PBXFrameworksBuildPhase;
			buildActionMask = 2147483647;
			files = (
			);
			runOnlyForDeploymentPostprocessing = 0;
		};
/* End PBXFrameworksBuildPhase section */

/* Begin PBXGroup section */
		BC2005211C47FFC700B4C9D6 /* ViewController */ = {
			isa = PBXGroup;
			children = (
				BC2005231C48007400B4C9D6 /* LoginViewController */,
				BC2005241C4800C500B4C9D6 /* UserViewController */,
			);
			name = ViewController;
			sourceTree = "<group>";
		};
		BC2005231C48007400B4C9D6 /* LoginViewController */ = {
			isa = PBXGroup;
			children = (
				BC2005291C4805E100B4C9D6 /* LoginViewController.swift */,
				BC20052A1C4805E100B4C9D6 /* LoginViewController.xib */,
			);
			name = LoginViewController;
			sourceTree = "<group>";
		};
		BC2005241C4800C500B4C9D6 /* UserViewController */ = {
			isa = PBXGroup;
			children = (
				BC20052D1C4806D100B4C9D6 /* UserViewController.swift */,
				BC20052E1C4806D100B4C9D6 /* UserViewController.xib */,
			);
			name = UserViewController;
			sourceTree = "<group>";
		};
		BC2381041BB461DE0060CC80 = {
			isa = PBXGroup;
			children = (
				BC2381BE1BB465260060CC80 /* UpholdSdk.xcodeproj */,
				BC23810F1BB461DE0060CC80 /* Example */,
				BC23810E1BB461DE0060CC80 /* Products */,
			);
			sourceTree = "<group>";
		};
		BC23810E1BB461DE0060CC80 /* Products */ = {
			isa = PBXGroup;
			children = (
				BC23810D1BB461DE0060CC80 /* Example.app */,
			);
			name = Products;
			sourceTree = "<group>";
		};
		BC23810F1BB461DE0060CC80 /* Example */ = {
			isa = PBXGroup;
			children = (
				BC2381101BB461DE0060CC80 /* AppDelegate.swift */,
				BC89A2061C59458500E5F60E /* Resources */,
				BC2005211C47FFC700B4C9D6 /* ViewController */,
				BC2381171BB461DE0060CC80 /* Assets.xcassets */,
				BC2381191BB461DE0060CC80 /* LaunchScreen.storyboard */,
				BC23811C1BB461DE0060CC80 /* Info.plist */,
			);
			path = Example;
			sourceTree = "<group>";
		};
		BC7C7BE71BCE782B00CB0CDD /* Products */ = {
			isa = PBXGroup;
			children = (
				BC7C7BEC1BCE782C00CB0CDD /* UpholdSdk.framework */,
				BC7C7BEE1BCE782C00CB0CDD /* UpholdSdkTests.xctest */,
			);
			name = Products;
			sourceTree = "<group>";
		};
		BC89A2061C59458500E5F60E /* Resources */ = {
			isa = PBXGroup;
			children = (
				BC89A2031C59457E00E5F60E /* Localizable.strings */,
			);
			name = Resources;
			sourceTree = "<group>";
		};
/* End PBXGroup section */

/* Begin PBXNativeTarget section */
		BC23810C1BB461DE0060CC80 /* Example */ = {
			isa = PBXNativeTarget;
			buildConfigurationList = BC23811F1BB461DE0060CC80 /* Build configuration list for PBXNativeTarget "Example" */;
			buildPhases = (
				BC2381091BB461DE0060CC80 /* Sources */,
				BC23810A1BB461DE0060CC80 /* Frameworks */,
				BC23810B1BB461DE0060CC80 /* Resources */,
				BCB6FC151C45430600DB75CA /* ShellScript */,
			);
			buildRules = (
			);
			dependencies = (
				BC8E257D1BCFBBA100C15899 /* PBXTargetDependency */,
			);
			name = Example;
			productName = Example;
			productReference = BC23810D1BB461DE0060CC80 /* Example.app */;
			productType = "com.apple.product-type.application";
		};
/* End PBXNativeTarget section */

/* Begin PBXProject section */
		BC2381051BB461DE0060CC80 /* Project object */ = {
			isa = PBXProject;
			attributes = {
				LastUpgradeCheck = 0700;
				ORGANIZATIONNAME = Uphold;
				TargetAttributes = {
					BC23810C1BB461DE0060CC80 = {
						CreatedOnToolsVersion = 7.0;
					};
				};
			};
			buildConfigurationList = BC2381081BB461DE0060CC80 /* Build configuration list for PBXProject "Example" */;
			compatibilityVersion = "Xcode 3.2";
			developmentRegion = English;
			hasScannedForEncodings = 0;
			knownRegions = (
				en,
				Base,
			);
			mainGroup = BC2381041BB461DE0060CC80;
			productRefGroup = BC23810E1BB461DE0060CC80 /* Products */;
			projectDirPath = "";
			projectReferences = (
				{
					ProductGroup = BC7C7BE71BCE782B00CB0CDD /* Products */;
					ProjectRef = BC2381BE1BB465260060CC80 /* UpholdSdk.xcodeproj */;
				},
			);
			projectRoot = "";
			targets = (
				BC23810C1BB461DE0060CC80 /* Example */,
			);
		};
/* End PBXProject section */

/* Begin PBXReferenceProxy section */
		BC7C7BEC1BCE782C00CB0CDD /* UpholdSdk.framework */ = {
			isa = PBXReferenceProxy;
			fileType = wrapper.framework;
			path = UpholdSdk.framework;
			remoteRef = BC7C7BEB1BCE782C00CB0CDD /* PBXContainerItemProxy */;
			sourceTree = BUILT_PRODUCTS_DIR;
		};
		BC7C7BEE1BCE782C00CB0CDD /* UpholdSdkTests.xctest */ = {
			isa = PBXReferenceProxy;
			fileType = wrapper.cfbundle;
			path = UpholdSdkTests.xctest;
			remoteRef = BC7C7BED1BCE782C00CB0CDD /* PBXContainerItemProxy */;
			sourceTree = BUILT_PRODUCTS_DIR;
		};
/* End PBXReferenceProxy section */

/* Begin PBXResourcesBuildPhase section */
		BC23810B1BB461DE0060CC80 /* Resources */ = {
			isa = PBXResourcesBuildPhase;
			buildActionMask = 2147483647;
			files = (
				BC20052C1C4805E100B4C9D6 /* LoginViewController.xib in Resources */,
				BC2005301C4806D100B4C9D6 /* UserViewController.xib in Resources */,
				BC89A2041C59457E00E5F60E /* Localizable.strings in Resources */,
				BC23811B1BB461DE0060CC80 /* LaunchScreen.storyboard in Resources */,
				BC2381181BB461DE0060CC80 /* Assets.xcassets in Resources */,
			);
			runOnlyForDeploymentPostprocessing = 0;
		};
/* End PBXResourcesBuildPhase section */

/* Begin PBXShellScriptBuildPhase section */
		BCB6FC151C45430600DB75CA /* ShellScript */ = {
			isa = PBXShellScriptBuildPhase;
			buildActionMask = 2147483647;
			files = (
			);
			inputPaths = (
				"$(SRCROOT)/Carthage/Build/iOS/KeychainSwift.framework",
				"$(SRCROOT)/Carthage/Build/iOS/ObjectMapper.framework",
				"$(SRCROOT)/Carthage/Build/iOS/SwiftClient.framework",
				"$(SRCROOT)/Carthage/Build/iOS/PromiseKit.framework",
				"$(SRCROOT)/Carthage/Build/iOS/OMGHTTPURLRQ.framework",
			);
			outputPaths = (
			);
			runOnlyForDeploymentPostprocessing = 0;
			shellPath = /bin/sh;
			shellScript = "/usr/local/bin/carthage copy-frameworks";
		};
/* End PBXShellScriptBuildPhase section */

/* Begin PBXSourcesBuildPhase section */
		BC2381091BB461DE0060CC80 /* Sources */ = {
			isa = PBXSourcesBuildPhase;
			buildActionMask = 2147483647;
			files = (
				BC20052B1C4805E100B4C9D6 /* LoginViewController.swift in Sources */,
				BC20052F1C4806D100B4C9D6 /* UserViewController.swift in Sources */,
				BC2381111BB461DE0060CC80 /* AppDelegate.swift in Sources */,
			);
			runOnlyForDeploymentPostprocessing = 0;
		};
/* End PBXSourcesBuildPhase section */

/* Begin PBXTargetDependency section */
		BC8E257D1BCFBBA100C15899 /* PBXTargetDependency */ = {
			isa = PBXTargetDependency;
			name = UpholdSdk;
			targetProxy = BC8E257C1BCFBBA100C15899 /* PBXContainerItemProxy */;
		};
/* End PBXTargetDependency section */

/* Begin PBXVariantGroup section */
		BC2381191BB461DE0060CC80 /* LaunchScreen.storyboard */ = {
			isa = PBXVariantGroup;
			children = (
				BC23811A1BB461DE0060CC80 /* Base */,
			);
			name = LaunchScreen.storyboard;
			sourceTree = "<group>";
		};
/* End PBXVariantGroup section */

/* Begin XCBuildConfiguration section */
		BC23811D1BB461DE0060CC80 /* Debug */ = {
			isa = XCBuildConfiguration;
			buildSettings = {
				ALWAYS_SEARCH_USER_PATHS = NO;
				CLANG_CXX_LANGUAGE_STANDARD = "gnu++0x";
				CLANG_CXX_LIBRARY = "libc++";
				CLANG_ENABLE_MODULES = YES;
				CLANG_ENABLE_OBJC_ARC = YES;
				CLANG_WARN_BOOL_CONVERSION = YES;
				CLANG_WARN_CONSTANT_CONVERSION = YES;
				CLANG_WARN_DIRECT_OBJC_ISA_USAGE = YES_ERROR;
				CLANG_WARN_EMPTY_BODY = YES;
				CLANG_WARN_ENUM_CONVERSION = YES;
				CLANG_WARN_INT_CONVERSION = YES;
				CLANG_WARN_OBJC_ROOT_CLASS = YES_ERROR;
				CLANG_WARN_UNREACHABLE_CODE = YES;
				CLANG_WARN__DUPLICATE_METHOD_MATCH = YES;
				"CODE_SIGN_IDENTITY[sdk=iphoneos*]" = "iPhone Developer";
				COPY_PHASE_STRIP = NO;
				DEBUG_INFORMATION_FORMAT = dwarf;
				ENABLE_STRICT_OBJC_MSGSEND = YES;
				ENABLE_TESTABILITY = YES;
				GCC_C_LANGUAGE_STANDARD = gnu99;
				GCC_DYNAMIC_NO_PIC = NO;
				GCC_NO_COMMON_BLOCKS = YES;
				GCC_OPTIMIZATION_LEVEL = 0;
				GCC_PREPROCESSOR_DEFINITIONS = (
					"DEBUG=1",
					"$(inherited)",
				);
				GCC_WARN_64_TO_32_BIT_CONVERSION = YES;
				GCC_WARN_ABOUT_RETURN_TYPE = YES_ERROR;
				GCC_WARN_UNDECLARED_SELECTOR = YES;
				GCC_WARN_UNINITIALIZED_AUTOS = YES_AGGRESSIVE;
				GCC_WARN_UNUSED_FUNCTION = YES;
				GCC_WARN_UNUSED_VARIABLE = YES;
				IPHONEOS_DEPLOYMENT_TARGET = 9.0;
				MTL_ENABLE_DEBUG_INFO = YES;
				ONLY_ACTIVE_ARCH = YES;
				SDKROOT = iphoneos;
				SWIFT_OPTIMIZATION_LEVEL = "-Onone";
				TARGETED_DEVICE_FAMILY = "1,2";
			};
			name = Debug;
		};
		BC23811E1BB461DE0060CC80 /* Release */ = {
			isa = XCBuildConfiguration;
			buildSettings = {
				ALWAYS_SEARCH_USER_PATHS = NO;
				CLANG_CXX_LANGUAGE_STANDARD = "gnu++0x";
				CLANG_CXX_LIBRARY = "libc++";
				CLANG_ENABLE_MODULES = YES;
				CLANG_ENABLE_OBJC_ARC = YES;
				CLANG_WARN_BOOL_CONVERSION = YES;
				CLANG_WARN_CONSTANT_CONVERSION = YES;
				CLANG_WARN_DIRECT_OBJC_ISA_USAGE = YES_ERROR;
				CLANG_WARN_EMPTY_BODY = YES;
				CLANG_WARN_ENUM_CONVERSION = YES;
				CLANG_WARN_INT_CONVERSION = YES;
				CLANG_WARN_OBJC_ROOT_CLASS = YES_ERROR;
				CLANG_WARN_UNREACHABLE_CODE = YES;
				CLANG_WARN__DUPLICATE_METHOD_MATCH = YES;
				"CODE_SIGN_IDENTITY[sdk=iphoneos*]" = "iPhone Developer";
				COPY_PHASE_STRIP = NO;
				DEBUG_INFORMATION_FORMAT = "dwarf-with-dsym";
				ENABLE_NS_ASSERTIONS = NO;
				ENABLE_STRICT_OBJC_MSGSEND = YES;
				GCC_C_LANGUAGE_STANDARD = gnu99;
				GCC_NO_COMMON_BLOCKS = YES;
				GCC_WARN_64_TO_32_BIT_CONVERSION = YES;
				GCC_WARN_ABOUT_RETURN_TYPE = YES_ERROR;
				GCC_WARN_UNDECLARED_SELECTOR = YES;
				GCC_WARN_UNINITIALIZED_AUTOS = YES_AGGRESSIVE;
				GCC_WARN_UNUSED_FUNCTION = YES;
				GCC_WARN_UNUSED_VARIABLE = YES;
				IPHONEOS_DEPLOYMENT_TARGET = 9.0;
				MTL_ENABLE_DEBUG_INFO = NO;
				SDKROOT = iphoneos;
				TARGETED_DEVICE_FAMILY = "1,2";
				VALIDATE_PRODUCT = YES;
			};
			name = Release;
		};
		BC2381201BB461DE0060CC80 /* Debug */ = {
			isa = XCBuildConfiguration;
			buildSettings = {
				ASSETCATALOG_COMPILER_APPICON_NAME = AppIcon;
				FRAMEWORK_SEARCH_PATHS = "$(PROJECT_DIR)/Carthage/Build/iOS";
				INFOPLIST_FILE = Example/Info.plist;
				LD_RUNPATH_SEARCH_PATHS = "$(inherited) @executable_path/Frameworks";
				PRODUCT_BUNDLE_IDENTIFIER = com.uphold.example;
				PRODUCT_NAME = "$(TARGET_NAME)";
				TARGETED_DEVICE_FAMILY = 1;
			};
			name = Debug;
		};
		BC2381211BB461DE0060CC80 /* Release */ = {
			isa = XCBuildConfiguration;
			buildSettings = {
				ASSETCATALOG_COMPILER_APPICON_NAME = AppIcon;
				FRAMEWORK_SEARCH_PATHS = "$(PROJECT_DIR)/Carthage/Build/iOS";
				INFOPLIST_FILE = Example/Info.plist;
				LD_RUNPATH_SEARCH_PATHS = "$(inherited) @executable_path/Frameworks";
				PRODUCT_BUNDLE_IDENTIFIER = com.uphold.example;
				PRODUCT_NAME = "$(TARGET_NAME)";
				TARGETED_DEVICE_FAMILY = 1;
			};
			name = Release;
		};
/* End XCBuildConfiguration section */

/* Begin XCConfigurationList section */
		BC2381081BB461DE0060CC80 /* Build configuration list for PBXProject "Example" */ = {
			isa = XCConfigurationList;
			buildConfigurations = (
				BC23811D1BB461DE0060CC80 /* Debug */,
				BC23811E1BB461DE0060CC80 /* Release */,
			);
			defaultConfigurationIsVisible = 0;
			defaultConfigurationName = Release;
		};
		BC23811F1BB461DE0060CC80 /* Build configuration list for PBXNativeTarget "Example" */ = {
			isa = XCConfigurationList;
			buildConfigurations = (
				BC2381201BB461DE0060CC80 /* Debug */,
				BC2381211BB461DE0060CC80 /* Release */,
			);
			defaultConfigurationIsVisible = 0;
			defaultConfigurationName = Release;
		};
/* End XCConfigurationList section */
	};
	rootObject = BC2381051BB461DE0060CC80 /* Project object */;
}
