PODS:
  - BitreserveSdk (0.1.0):
    - SwiftClient (~> 1.0)
  - SwiftClient (1.0.0)

DEPENDENCIES:
  - BitreserveSdk (from `../`)

EXTERNAL SOURCES:
  BitreserveSdk:
    :path: ../

SPEC CHECKSUMS:
  BitreserveSdk: dfbe8ff6c34bee6f25fef7f2763b67d34e232722
  SwiftClient: b6186869aeb1ed6582cbc52a89fe3c1dccbd96d3

COCOAPODS: 0.38.2
