PODS:
  - BitreserveSdk (0.1.0):
    - ObjectMapper (~> 0.15)
    - SwiftClient (~> 1.0)
  - ObjectMapper (0.15)
  - SwiftClient (1.0.0)

DEPENDENCIES:
  - BitreserveSdk (from `../`)

EXTERNAL SOURCES:
  BitreserveSdk:
    :path: ../

SPEC CHECKSUMS:
  BitreserveSdk: 573c204fed289eac24e9fd4dd95c8a536edabbc5
  ObjectMapper: 0656dc1c155825897e5acfcd25362c6b61786dcb
  SwiftClient: b6186869aeb1ed6582cbc52a89fe3c1dccbd96d3

COCOAPODS: 0.38.2
