// !$*UTF8*$!
{
	archiveVersion = 1;
	classes = {
	};
	objectVersion = 46;
	objects = {

/* Begin PBXBuildFile section */
		BC1CFA461BDFCF1D00979038 /* LogicError.swift in Sources */ = {isa = PBXBuildFile; fileRef = BC1CFA451BDFCF1D00979038 /* LogicError.swift */; };
		BC2381621BB4626F0060CC80 /* UpholdClient.swift in Sources */ = {isa = PBXBuildFile; fileRef = BC2381481BB4626F0060CC80 /* UpholdClient.swift */; };
		BC2381651BB4626F0060CC80 /* CardSettings.swift in Sources */ = {isa = PBXBuildFile; fileRef = BC23814D1BB4626F0060CC80 /* CardSettings.swift */; };
		BC2381661BB4626F0060CC80 /* Normalized.swift in Sources */ = {isa = PBXBuildFile; fileRef = BC23814E1BB4626F0060CC80 /* Normalized.swift */; };
		BC2381671BB4626F0060CC80 /* Card.swift in Sources */ = {isa = PBXBuildFile; fileRef = BC23814F1BB4626F0060CC80 /* Card.swift */; };
		BC2381681BB4626F0060CC80 /* Rate.swift in Sources */ = {isa = PBXBuildFile; fileRef = BC2381501BB4626F0060CC80 /* Rate.swift */; };
		BC2381691BB4626F0060CC80 /* Denomination.swift in Sources */ = {isa = PBXBuildFile; fileRef = BC2381521BB4626F0060CC80 /* Denomination.swift */; };
		BC23816A1BB4626F0060CC80 /* Destination.swift in Sources */ = {isa = PBXBuildFile; fileRef = BC2381531BB4626F0060CC80 /* Destination.swift */; };
		BC23816B1BB4626F0060CC80 /* Origin.swift in Sources */ = {isa = PBXBuildFile; fileRef = BC2381541BB4626F0060CC80 /* Origin.swift */; };
		BC23816C1BB4626F0060CC80 /* Parameters.swift in Sources */ = {isa = PBXBuildFile; fileRef = BC2381551BB4626F0060CC80 /* Parameters.swift */; };
		BC23816D1BB4626F0060CC80 /* Source.swift in Sources */ = {isa = PBXBuildFile; fileRef = BC2381561BB4626F0060CC80 /* Source.swift */; };
		BC23816E1BB4626F0060CC80 /* Transaction.swift in Sources */ = {isa = PBXBuildFile; fileRef = BC2381571BB4626F0060CC80 /* Transaction.swift */; };
		BC23816F1BB4626F0060CC80 /* InternationalizationUserSetting.swift in Sources */ = {isa = PBXBuildFile; fileRef = BC2381591BB4626F0060CC80 /* InternationalizationUserSetting.swift */; };
		BC2381701BB4626F0060CC80 /* InternationalizationUserSettings.swift in Sources */ = {isa = PBXBuildFile; fileRef = BC23815A1BB4626F0060CC80 /* InternationalizationUserSettings.swift */; };
		BC2381711BB4626F0060CC80 /* UserSettings.swift in Sources */ = {isa = PBXBuildFile; fileRef = BC23815B1BB4626F0060CC80 /* UserSettings.swift */; };
		BC2381721BB4626F0060CC80 /* User.swift in Sources */ = {isa = PBXBuildFile; fileRef = BC23815C1BB4626F0060CC80 /* User.swift */; };
		BC2381731BB4626F0060CC80 /* ReserveService.swift in Sources */ = {isa = PBXBuildFile; fileRef = BC23815E1BB4626F0060CC80 /* ReserveService.swift */; };
		BC2381741BB4626F0060CC80 /* TickerService.swift in Sources */ = {isa = PBXBuildFile; fileRef = BC23815F1BB4626F0060CC80 /* TickerService.swift */; };
		BC2381751BB4626F0060CC80 /* UserCardService.swift in Sources */ = {isa = PBXBuildFile; fileRef = BC2381601BB4626F0060CC80 /* UserCardService.swift */; };
		BC2381761BB4626F0060CC80 /* UserService.swift in Sources */ = {isa = PBXBuildFile; fileRef = BC2381611BB4626F0060CC80 /* UserService.swift */; };
		BC2381801BB4627C0060CC80 /* CardTest.swift in Sources */ = {isa = PBXBuildFile; fileRef = BC23817B1BB4627C0060CC80 /* CardTest.swift */; };
		BC2381811BB4627C0060CC80 /* RateTest.swift in Sources */ = {isa = PBXBuildFile; fileRef = BC23817C1BB4627C0060CC80 /* RateTest.swift */; };
		BC2381821BB4627C0060CC80 /* TransactionTest.swift in Sources */ = {isa = PBXBuildFile; fileRef = BC23817D1BB4627C0060CC80 /* TransactionTest.swift */; };
		BC2381831BB4627C0060CC80 /* UserTest.swift in Sources */ = {isa = PBXBuildFile; fileRef = BC23817E1BB4627C0060CC80 /* UserTest.swift */; };
		BC2381BC1BB464D90060CC80 /* ObjectMapper.framework in Frameworks */ = {isa = PBXBuildFile; fileRef = BC2381AA1BB464B00060CC80 /* ObjectMapper.framework */; };
		BC2381BD1BB464D90060CC80 /* SwiftClient.framework in Frameworks */ = {isa = PBXBuildFile; fileRef = BC2381B91BB464B70060CC80 /* SwiftClient.framework */; };
		BC38D9FF1BB97E4F0044239A /* ReserveServiceTest.swift in Sources */ = {isa = PBXBuildFile; fileRef = BC38D9FB1BB97E4F0044239A /* ReserveServiceTest.swift */; };
		BC38DA001BB97E4F0044239A /* TickerServiceTest.swift in Sources */ = {isa = PBXBuildFile; fileRef = BC38D9FC1BB97E4F0044239A /* TickerServiceTest.swift */; };
		BC38DA011BB97E4F0044239A /* UserCardServiceTest.swift in Sources */ = {isa = PBXBuildFile; fileRef = BC38D9FD1BB97E4F0044239A /* UserCardServiceTest.swift */; };
		BC38DA021BB97E4F0044239A /* UserServiceTest.swift in Sources */ = {isa = PBXBuildFile; fileRef = BC38D9FE1BB97E4F0044239A /* UserServiceTest.swift */; };
		BC4473C51BD64E2B003B4196 /* UpholdTestCase.swift in Sources */ = {isa = PBXBuildFile; fileRef = BC4473C41BD64E2B003B4196 /* UpholdTestCase.swift */; };
		BC4A30571BEA655B001B6249 /* Token.swift in Sources */ = {isa = PBXBuildFile; fileRef = BC4A30561BEA655B001B6249 /* Token.swift */; };
		BC4A30701BEA657C001B6249 /* BaseModel.swift in Sources */ = {isa = PBXBuildFile; fileRef = BC4A306F1BEA657C001B6249 /* BaseModel.swift */; };
		BC5C0A851BD4F77700CEF466 /* MockRequest.swift in Sources */ = {isa = PBXBuildFile; fileRef = BC5C0A841BD4F77700CEF466 /* MockRequest.swift */; };
		BC622E991BD546CA007E767C /* UpholdRestAdapterTest.swift in Sources */ = {isa = PBXBuildFile; fileRef = BC622E981BD546CA007E767C /* UpholdRestAdapterTest.swift */; };
		BC7E73FD1BEA7BB6006AAE0E /* UpholdClientTest.swift in Sources */ = {isa = PBXBuildFile; fileRef = BC7E73FC1BEA7BB6006AAE0E /* UpholdClientTest.swift */; };
		BC7E74121BEA80D6006AAE0E /* MockRestAdapter.swift in Sources */ = {isa = PBXBuildFile; fileRef = BC7E74111BEA80D6006AAE0E /* MockRestAdapter.swift */; };
		BC8E25741BCFBB4F00C15899 /* ApiLimitExceedError.swift in Sources */ = {isa = PBXBuildFile; fileRef = BC8E25731BCFBB4F00C15899 /* ApiLimitExceedError.swift */; };
		BC91E8861BECD80C0074C538 /* Reserve.swift in Sources */ = {isa = PBXBuildFile; fileRef = BC91E8851BECD80C0074C538 /* Reserve.swift */; };
		BC91E8A01BECD8270074C538 /* Deposit.swift in Sources */ = {isa = PBXBuildFile; fileRef = BC91E89B1BECD8270074C538 /* Deposit.swift */; };
		BC91E8A11BECD8270074C538 /* DepositMovement.swift in Sources */ = {isa = PBXBuildFile; fileRef = BC91E89C1BECD8270074C538 /* DepositMovement.swift */; };
		BC91E8A21BECD8270074C538 /* ReserveStatistics.swift in Sources */ = {isa = PBXBuildFile; fileRef = BC91E89D1BECD8270074C538 /* ReserveStatistics.swift */; };
		BC91E8A31BECD8270074C538 /* Total.swift in Sources */ = {isa = PBXBuildFile; fileRef = BC91E89E1BECD8270074C538 /* Total.swift */; };
		BC91E8A41BECD8270074C538 /* Value.swift in Sources */ = {isa = PBXBuildFile; fileRef = BC91E89F1BECD8270074C538 /* Value.swift */; };
		BC91E8A61BECDB030074C538 /* ReserveTest.swift in Sources */ = {isa = PBXBuildFile; fileRef = BC91E8A51BECDB030074C538 /* ReserveTest.swift */; };
		BCB089911BD52DC20097C475 /* UpholdRestAdapter.swift in Sources */ = {isa = PBXBuildFile; fileRef = BCB089901BD52DC20097C475 /* UpholdRestAdapter.swift */; };
		BCB089B81BD52F270097C475 /* PromiseKit.framework in Frameworks */ = {isa = PBXBuildFile; fileRef = BCB089A71BD52EEC0097C475 /* PromiseKit.framework */; };
		BCC1EB2F1BE3939800F37B7D /* UpholdClientErrorHandlingTest.swift in Sources */ = {isa = PBXBuildFile; fileRef = BCC1EB2E1BE3939800F37B7D /* UpholdClientErrorHandlingTest.swift */; };
		BCC9E0B01BD10F4300C5C3C8 /* HeaderTest.swift in Sources */ = {isa = PBXBuildFile; fileRef = BCC9E0AF1BD10F4300C5C3C8 /* HeaderTest.swift */; };
		BCCBE5571BC6924A00D61852 /* UpholdClientErrorHandling.swift in Sources */ = {isa = PBXBuildFile; fileRef = BCCBE5561BC6924A00D61852 /* UpholdClientErrorHandling.swift */; };
		BCCBE5671BC692E200D61852 /* AuthenticationError.swift in Sources */ = {isa = PBXBuildFile; fileRef = BCCBE5611BC692E200D61852 /* AuthenticationError.swift */; };
		BCCBE5681BC692E200D61852 /* BadRequestError.swift in Sources */ = {isa = PBXBuildFile; fileRef = BCCBE5621BC692E200D61852 /* BadRequestError.swift */; };
		BCCBE5691BC692E200D61852 /* UpholdClientError.swift in Sources */ = {isa = PBXBuildFile; fileRef = BCCBE5631BC692E200D61852 /* UpholdClientError.swift */; };
		BCCBE56A1BC692E200D61852 /* NotFoundError.swift in Sources */ = {isa = PBXBuildFile; fileRef = BCCBE5641BC692E200D61852 /* NotFoundError.swift */; };
		BCCBE56B1BC692E200D61852 /* UnhandledError.swift in Sources */ = {isa = PBXBuildFile; fileRef = BCCBE5651BC692E200D61852 /* UnhandledError.swift */; };
		BCF656C51BCFCEE5008E2F97 /* Header.swift in Sources */ = {isa = PBXBuildFile; fileRef = BCF656C41BCFCEE5008E2F97 /* Header.swift */; };
		BCF656C71BCFCF85008E2F97 /* GlobalConfigurations.swift in Sources */ = {isa = PBXBuildFile; fileRef = BCF656C61BCFCF85008E2F97 /* GlobalConfigurations.swift */; };
/* End PBXBuildFile section */

/* Begin PBXContainerItemProxy section */
		BC2381A91BB464B00060CC80 /* PBXContainerItemProxy */ = {
			isa = PBXContainerItemProxy;
			containerPortal = BC2381A11BB464B00060CC80 /* ObjectMapper.xcodeproj */;
			proxyType = 2;
			remoteGlobalIDString = 6AAC8F7619F03C2900E7A677;
			remoteInfo = "ObjectMapper-iOS";
		};
		BC2381AB1BB464B00060CC80 /* PBXContainerItemProxy */ = {
			isa = PBXContainerItemProxy;
			containerPortal = BC2381A11BB464B00060CC80 /* ObjectMapper.xcodeproj */;
			proxyType = 2;
			remoteGlobalIDString = CD1602FF1AC023D5000CD69A;
			remoteInfo = "ObjectMapper-Mac";
		};
		BC2381AD1BB464B00060CC80 /* PBXContainerItemProxy */ = {
			isa = PBXContainerItemProxy;
			containerPortal = BC2381A11BB464B00060CC80 /* ObjectMapper.xcodeproj */;
			proxyType = 2;
			remoteGlobalIDString = 6A2AD03D1B2C78540097E150;
			remoteInfo = "ObjectMapper-watchOS";
		};
		BC2381AF1BB464B00060CC80 /* PBXContainerItemProxy */ = {
			isa = PBXContainerItemProxy;
			containerPortal = BC2381A11BB464B00060CC80 /* ObjectMapper.xcodeproj */;
			proxyType = 2;
			remoteGlobalIDString = 6AAC8F8119F03C2900E7A677;
			remoteInfo = "ObjectMapper-iOSTests";
		};
		BC2381B11BB464B00060CC80 /* PBXContainerItemProxy */ = {
			isa = PBXContainerItemProxy;
			containerPortal = BC2381A11BB464B00060CC80 /* ObjectMapper.xcodeproj */;
			proxyType = 2;
			remoteGlobalIDString = CD1603091AC023D6000CD69A;
			remoteInfo = "ObjectMapper-MacTests";
		};
		BC2381B81BB464B70060CC80 /* PBXContainerItemProxy */ = {
			isa = PBXContainerItemProxy;
			containerPortal = BC2381B31BB464B70060CC80 /* SwiftClient.xcodeproj */;
			proxyType = 2;
			remoteGlobalIDString = D0CB88D619FC645300DA6940;
			remoteInfo = SwiftClient;
		};
		BC2381BA1BB464B70060CC80 /* PBXContainerItemProxy */ = {
			isa = PBXContainerItemProxy;
			containerPortal = BC2381B31BB464B70060CC80 /* SwiftClient.xcodeproj */;
			proxyType = 2;
			remoteGlobalIDString = D0CB88E119FC645300DA6940;
			remoteInfo = SwiftClientTests;
		};
		BC4A30601BEA655C001B6249 /* PBXContainerItemProxy */ = {
			isa = PBXContainerItemProxy;
			containerPortal = BC2381A11BB464B00060CC80 /* ObjectMapper.xcodeproj */;
			proxyType = 2;
			remoteGlobalIDString = 6A05B7A61BE274BE00F19B53;
			remoteInfo = "ObjectMapper-tvOS";
		};
		BC4A30621BEA655C001B6249 /* PBXContainerItemProxy */ = {
			isa = PBXContainerItemProxy;
			containerPortal = BC2381A11BB464B00060CC80 /* ObjectMapper.xcodeproj */;
			proxyType = 2;
			remoteGlobalIDString = 6A05B7AF1BE274BE00F19B53;
			remoteInfo = "ObjectMapper-tvOSTests";
		};
		BC6BEE221BCEACBA0090656F /* PBXContainerItemProxy */ = {
			isa = PBXContainerItemProxy;
			containerPortal = BC2381231BB462170060CC80 /* Project object */;
			proxyType = 1;
			remoteGlobalIDString = BC23812B1BB462170060CC80;
			remoteInfo = UpholdSdk;
		};
		BCB089A61BD52EEC0097C475 /* PBXContainerItemProxy */ = {
			isa = PBXContainerItemProxy;
			containerPortal = BCB0899A1BD52EEC0097C475 /* PromiseKit.xcodeproj */;
			proxyType = 2;
			remoteGlobalIDString = 63F803A31AB87A8200E4DEE1;
			remoteInfo = PMKiOS;
		};
		BCB089A81BD52EEC0097C475 /* PBXContainerItemProxy */ = {
			isa = PBXContainerItemProxy;
			containerPortal = BCB0899A1BD52EEC0097C475 /* PromiseKit.xcodeproj */;
			proxyType = 2;
			remoteGlobalIDString = 63F803CC1AB89A0F00E4DEE1;
			remoteInfo = PMKOSX;
		};
		BCB089AA1BD52EEC0097C475 /* PBXContainerItemProxy */ = {
			isa = PBXContainerItemProxy;
			containerPortal = BCB0899A1BD52EEC0097C475 /* PromiseKit.xcodeproj */;
			proxyType = 2;
			remoteGlobalIDString = 63CD9A621BB102EE008D916F;
			remoteInfo = PMKwatchOS;
		};
		BCB089AC1BD52EEC0097C475 /* PBXContainerItemProxy */ = {
			isa = PBXContainerItemProxy;
			containerPortal = BCB0899A1BD52EEC0097C475 /* PromiseKit.xcodeproj */;
			proxyType = 2;
			remoteGlobalIDString = 6388E1A21AD315F90074D85B;
			remoteInfo = PMKTests;
		};
		BCB089AE1BD52EEC0097C475 /* PBXContainerItemProxy */ = {
			isa = PBXContainerItemProxy;
			containerPortal = BCB0899A1BD52EEC0097C475 /* PromiseKit.xcodeproj */;
			proxyType = 2;
			remoteGlobalIDString = 63533B331AE57A9300C10972;
			remoteInfo = PMKAPlusTests;
		};
		BCB089B01BD52EEC0097C475 /* PBXContainerItemProxy */ = {
			isa = PBXContainerItemProxy;
			containerPortal = BCB0899A1BD52EEC0097C475 /* PromiseKit.xcodeproj */;
			proxyType = 2;
			remoteGlobalIDString = 638E0ED51AEF16530052E28F;
			remoteInfo = PMKiOSCategoryTests;
		};
		BCB089B21BD52EEC0097C475 /* PBXContainerItemProxy */ = {
			isa = PBXContainerItemProxy;
			containerPortal = BCB0899A1BD52EEC0097C475 /* PromiseKit.xcodeproj */;
			proxyType = 2;
			remoteGlobalIDString = 63CA14571AE9FBD000223904;
			remoteInfo = PMKOSXCategoryTests;
		};
		BCB089B41BD52EEC0097C475 /* PBXContainerItemProxy */ = {
			isa = PBXContainerItemProxy;
			containerPortal = BCB0899A1BD52EEC0097C475 /* PromiseKit.xcodeproj */;
			proxyType = 2;
			remoteGlobalIDString = 638CDF031AEE734B0023A543;
			remoteInfo = PMKiOSUITestsHost;
		};
		BCB089B61BD52EEC0097C475 /* PBXContainerItemProxy */ = {
			isa = PBXContainerItemProxy;
			containerPortal = BCB0899A1BD52EEC0097C475 /* PromiseKit.xcodeproj */;
			proxyType = 2;
			remoteGlobalIDString = 63EBEAC51B6151AA0097FA42;
			remoteInfo = PMKiOSUITests;
		};
		BCF5C6B81BCFEA5900B6DFAC /* PBXContainerItemProxy */ = {
			isa = PBXContainerItemProxy;
			containerPortal = BCF5C6B21BCFEA5800B6DFAC /* Mockingjay.xcodeproj */;
			proxyType = 2;
			remoteGlobalIDString = 2746CDBF1A702F7800719B66;
			remoteInfo = Mockingjay;
		};
		BCF5C6BA1BCFEA5900B6DFAC /* PBXContainerItemProxy */ = {
			isa = PBXContainerItemProxy;
			containerPortal = BCF5C6B21BCFEA5800B6DFAC /* Mockingjay.xcodeproj */;
			proxyType = 2;
			remoteGlobalIDString = 2746CDCA1A702F7800719B66;
			remoteInfo = MockingjayTests;
		};
		BCF5C6BC1BCFEA6400B6DFAC /* PBXContainerItemProxy */ = {
			isa = PBXContainerItemProxy;
			containerPortal = BCF5C6B21BCFEA5800B6DFAC /* Mockingjay.xcodeproj */;
			proxyType = 1;
			remoteGlobalIDString = 2746CDBE1A702F7800719B66;
			remoteInfo = Mockingjay;
		};
/* End PBXContainerItemProxy section */

/* Begin PBXFileReference section */
		BC1CFA451BDFCF1D00979038 /* LogicError.swift */ = {isa = PBXFileReference; fileEncoding = 4; lastKnownFileType = sourcecode.swift; path = LogicError.swift; sourceTree = "<group>"; };
		BC23812C1BB462170060CC80 /* UpholdSdk.framework */ = {isa = PBXFileReference; explicitFileType = wrapper.framework; includeInIndex = 0; path = UpholdSdk.framework; sourceTree = BUILT_PRODUCTS_DIR; };
		BC2381361BB462180060CC80 /* UpholdSdkTests.xctest */ = {isa = PBXFileReference; explicitFileType = wrapper.cfbundle; includeInIndex = 0; path = UpholdSdkTests.xctest; sourceTree = BUILT_PRODUCTS_DIR; };
		BC2381481BB4626F0060CC80 /* UpholdClient.swift */ = {isa = PBXFileReference; fileEncoding = 4; lastKnownFileType = sourcecode.swift; path = UpholdClient.swift; sourceTree = "<group>"; };
		BC2381491BB4626F0060CC80 /* Info.plist */ = {isa = PBXFileReference; fileEncoding = 4; lastKnownFileType = text.plist.xml; path = Info.plist; sourceTree = "<group>"; };
		BC23814D1BB4626F0060CC80 /* CardSettings.swift */ = {isa = PBXFileReference; fileEncoding = 4; lastKnownFileType = sourcecode.swift; path = CardSettings.swift; sourceTree = "<group>"; };
		BC23814E1BB4626F0060CC80 /* Normalized.swift */ = {isa = PBXFileReference; fileEncoding = 4; lastKnownFileType = sourcecode.swift; path = Normalized.swift; sourceTree = "<group>"; };
		BC23814F1BB4626F0060CC80 /* Card.swift */ = {isa = PBXFileReference; fileEncoding = 4; lastKnownFileType = sourcecode.swift; path = Card.swift; sourceTree = "<group>"; };
		BC2381501BB4626F0060CC80 /* Rate.swift */ = {isa = PBXFileReference; fileEncoding = 4; lastKnownFileType = sourcecode.swift; path = Rate.swift; sourceTree = "<group>"; };
		BC2381521BB4626F0060CC80 /* Denomination.swift */ = {isa = PBXFileReference; fileEncoding = 4; lastKnownFileType = sourcecode.swift; path = Denomination.swift; sourceTree = "<group>"; };
		BC2381531BB4626F0060CC80 /* Destination.swift */ = {isa = PBXFileReference; fileEncoding = 4; lastKnownFileType = sourcecode.swift; path = Destination.swift; sourceTree = "<group>"; };
		BC2381541BB4626F0060CC80 /* Origin.swift */ = {isa = PBXFileReference; fileEncoding = 4; lastKnownFileType = sourcecode.swift; path = Origin.swift; sourceTree = "<group>"; };
		BC2381551BB4626F0060CC80 /* Parameters.swift */ = {isa = PBXFileReference; fileEncoding = 4; lastKnownFileType = sourcecode.swift; path = Parameters.swift; sourceTree = "<group>"; };
		BC2381561BB4626F0060CC80 /* Source.swift */ = {isa = PBXFileReference; fileEncoding = 4; lastKnownFileType = sourcecode.swift; path = Source.swift; sourceTree = "<group>"; };
		BC2381571BB4626F0060CC80 /* Transaction.swift */ = {isa = PBXFileReference; fileEncoding = 4; lastKnownFileType = sourcecode.swift; path = Transaction.swift; sourceTree = "<group>"; };
		BC2381591BB4626F0060CC80 /* InternationalizationUserSetting.swift */ = {isa = PBXFileReference; fileEncoding = 4; lastKnownFileType = sourcecode.swift; path = InternationalizationUserSetting.swift; sourceTree = "<group>"; };
		BC23815A1BB4626F0060CC80 /* InternationalizationUserSettings.swift */ = {isa = PBXFileReference; fileEncoding = 4; lastKnownFileType = sourcecode.swift; path = InternationalizationUserSettings.swift; sourceTree = "<group>"; };
		BC23815B1BB4626F0060CC80 /* UserSettings.swift */ = {isa = PBXFileReference; fileEncoding = 4; lastKnownFileType = sourcecode.swift; path = UserSettings.swift; sourceTree = "<group>"; };
		BC23815C1BB4626F0060CC80 /* User.swift */ = {isa = PBXFileReference; fileEncoding = 4; lastKnownFileType = sourcecode.swift; path = User.swift; sourceTree = "<group>"; };
		BC23815E1BB4626F0060CC80 /* ReserveService.swift */ = {isa = PBXFileReference; fileEncoding = 4; lastKnownFileType = sourcecode.swift; path = ReserveService.swift; sourceTree = "<group>"; };
		BC23815F1BB4626F0060CC80 /* TickerService.swift */ = {isa = PBXFileReference; fileEncoding = 4; lastKnownFileType = sourcecode.swift; path = TickerService.swift; sourceTree = "<group>"; };
		BC2381601BB4626F0060CC80 /* UserCardService.swift */ = {isa = PBXFileReference; fileEncoding = 4; lastKnownFileType = sourcecode.swift; path = UserCardService.swift; sourceTree = "<group>"; };
		BC2381611BB4626F0060CC80 /* UserService.swift */ = {isa = PBXFileReference; fileEncoding = 4; lastKnownFileType = sourcecode.swift; path = UserService.swift; sourceTree = "<group>"; };
		BC2381781BB4627C0060CC80 /* Info.plist */ = {isa = PBXFileReference; fileEncoding = 4; lastKnownFileType = text.plist.xml; path = Info.plist; sourceTree = "<group>"; };
		BC23817B1BB4627C0060CC80 /* CardTest.swift */ = {isa = PBXFileReference; fileEncoding = 4; lastKnownFileType = sourcecode.swift; path = CardTest.swift; sourceTree = "<group>"; };
		BC23817C1BB4627C0060CC80 /* RateTest.swift */ = {isa = PBXFileReference; fileEncoding = 4; lastKnownFileType = sourcecode.swift; path = RateTest.swift; sourceTree = "<group>"; };
		BC23817D1BB4627C0060CC80 /* TransactionTest.swift */ = {isa = PBXFileReference; fileEncoding = 4; lastKnownFileType = sourcecode.swift; path = TransactionTest.swift; sourceTree = "<group>"; };
		BC23817E1BB4627C0060CC80 /* UserTest.swift */ = {isa = PBXFileReference; fileEncoding = 4; lastKnownFileType = sourcecode.swift; path = UserTest.swift; sourceTree = "<group>"; };
		BC2381A11BB464B00060CC80 /* ObjectMapper.xcodeproj */ = {isa = PBXFileReference; lastKnownFileType = "wrapper.pb-project"; name = ObjectMapper.xcodeproj; path = Carthage/Checkouts/ObjectMapper/ObjectMapper.xcodeproj; sourceTree = "<group>"; };
		BC2381B31BB464B70060CC80 /* SwiftClient.xcodeproj */ = {isa = PBXFileReference; lastKnownFileType = "wrapper.pb-project"; name = SwiftClient.xcodeproj; path = Carthage/Checkouts/SwiftClient/SwiftClient.xcodeproj; sourceTree = "<group>"; };
		BC38D9FB1BB97E4F0044239A /* ReserveServiceTest.swift */ = {isa = PBXFileReference; fileEncoding = 4; lastKnownFileType = sourcecode.swift; path = ReserveServiceTest.swift; sourceTree = "<group>"; };
		BC38D9FC1BB97E4F0044239A /* TickerServiceTest.swift */ = {isa = PBXFileReference; fileEncoding = 4; lastKnownFileType = sourcecode.swift; path = TickerServiceTest.swift; sourceTree = "<group>"; };
		BC38D9FD1BB97E4F0044239A /* UserCardServiceTest.swift */ = {isa = PBXFileReference; fileEncoding = 4; lastKnownFileType = sourcecode.swift; path = UserCardServiceTest.swift; sourceTree = "<group>"; };
		BC38D9FE1BB97E4F0044239A /* UserServiceTest.swift */ = {isa = PBXFileReference; fileEncoding = 4; lastKnownFileType = sourcecode.swift; path = UserServiceTest.swift; sourceTree = "<group>"; };
		BC4473C41BD64E2B003B4196 /* UpholdTestCase.swift */ = {isa = PBXFileReference; fileEncoding = 4; lastKnownFileType = sourcecode.swift; name = UpholdTestCase.swift; path = Util/UpholdTestCase.swift; sourceTree = "<group>"; };
		BC4A30561BEA655B001B6249 /* Token.swift */ = {isa = PBXFileReference; fileEncoding = 4; lastKnownFileType = sourcecode.swift; path = Token.swift; sourceTree = "<group>"; };
		BC4A306F1BEA657C001B6249 /* BaseModel.swift */ = {isa = PBXFileReference; fileEncoding = 4; lastKnownFileType = sourcecode.swift; path = BaseModel.swift; sourceTree = "<group>"; };
		BC5C0A841BD4F77700CEF466 /* MockRequest.swift */ = {isa = PBXFileReference; fileEncoding = 4; lastKnownFileType = sourcecode.swift; name = MockRequest.swift; path = Util/MockRequest.swift; sourceTree = "<group>"; };
		BC622E981BD546CA007E767C /* UpholdRestAdapterTest.swift */ = {isa = PBXFileReference; fileEncoding = 4; lastKnownFileType = sourcecode.swift; name = UpholdRestAdapterTest.swift; path = Client/UpholdRestAdapterTest.swift; sourceTree = "<group>"; };
		BC7E73FC1BEA7BB6006AAE0E /* UpholdClientTest.swift */ = {isa = PBXFileReference; fileEncoding = 4; lastKnownFileType = sourcecode.swift; name = UpholdClientTest.swift; path = Client/UpholdClientTest.swift; sourceTree = "<group>"; };
		BC7E74111BEA80D6006AAE0E /* MockRestAdapter.swift */ = {isa = PBXFileReference; fileEncoding = 4; lastKnownFileType = sourcecode.swift; name = MockRestAdapter.swift; path = Util/MockRestAdapter.swift; sourceTree = "<group>"; };
		BC8E25731BCFBB4F00C15899 /* ApiLimitExceedError.swift */ = {isa = PBXFileReference; fileEncoding = 4; lastKnownFileType = sourcecode.swift; path = ApiLimitExceedError.swift; sourceTree = "<group>"; };
		BC91E8851BECD80C0074C538 /* Reserve.swift */ = {isa = PBXFileReference; fileEncoding = 4; lastKnownFileType = sourcecode.swift; path = Reserve.swift; sourceTree = "<group>"; };
		BC91E89B1BECD8270074C538 /* Deposit.swift */ = {isa = PBXFileReference; fileEncoding = 4; lastKnownFileType = sourcecode.swift; name = Deposit.swift; path = Reserve/Deposit.swift; sourceTree = "<group>"; };
		BC91E89C1BECD8270074C538 /* DepositMovement.swift */ = {isa = PBXFileReference; fileEncoding = 4; lastKnownFileType = sourcecode.swift; name = DepositMovement.swift; path = Reserve/DepositMovement.swift; sourceTree = "<group>"; };
		BC91E89D1BECD8270074C538 /* ReserveStatistics.swift */ = {isa = PBXFileReference; fileEncoding = 4; lastKnownFileType = sourcecode.swift; name = ReserveStatistics.swift; path = Reserve/ReserveStatistics.swift; sourceTree = "<group>"; };
		BC91E89E1BECD8270074C538 /* Total.swift */ = {isa = PBXFileReference; fileEncoding = 4; lastKnownFileType = sourcecode.swift; name = Total.swift; path = Reserve/Total.swift; sourceTree = "<group>"; };
		BC91E89F1BECD8270074C538 /* Value.swift */ = {isa = PBXFileReference; fileEncoding = 4; lastKnownFileType = sourcecode.swift; name = Value.swift; path = Reserve/Value.swift; sourceTree = "<group>"; };
		BC91E8A51BECDB030074C538 /* ReserveTest.swift */ = {isa = PBXFileReference; fileEncoding = 4; lastKnownFileType = sourcecode.swift; path = ReserveTest.swift; sourceTree = "<group>"; };
		BCB089901BD52DC20097C475 /* UpholdRestAdapter.swift */ = {isa = PBXFileReference; fileEncoding = 4; lastKnownFileType = sourcecode.swift; path = UpholdRestAdapter.swift; sourceTree = "<group>"; };
		BCB0899A1BD52EEC0097C475 /* PromiseKit.xcodeproj */ = {isa = PBXFileReference; lastKnownFileType = "wrapper.pb-project"; name = PromiseKit.xcodeproj; path = Carthage/Checkouts/PromiseKit/PromiseKit.xcodeproj; sourceTree = "<group>"; };
		BCC1EB2E1BE3939800F37B7D /* UpholdClientErrorHandlingTest.swift */ = {isa = PBXFileReference; fileEncoding = 4; lastKnownFileType = sourcecode.swift; name = UpholdClientErrorHandlingTest.swift; path = ErrorHandling/UpholdClientErrorHandlingTest.swift; sourceTree = "<group>"; };
		BCC9E0AF1BD10F4300C5C3C8 /* HeaderTest.swift */ = {isa = PBXFileReference; fileEncoding = 4; lastKnownFileType = sourcecode.swift; name = HeaderTest.swift; path = Util/HeaderTest.swift; sourceTree = "<group>"; };
		BCCBE5561BC6924A00D61852 /* UpholdClientErrorHandling.swift */ = {isa = PBXFileReference; fileEncoding = 4; lastKnownFileType = sourcecode.swift; path = UpholdClientErrorHandling.swift; sourceTree = "<group>"; };
		BCCBE5611BC692E200D61852 /* AuthenticationError.swift */ = {isa = PBXFileReference; fileEncoding = 4; lastKnownFileType = sourcecode.swift; path = AuthenticationError.swift; sourceTree = "<group>"; };
		BCCBE5621BC692E200D61852 /* BadRequestError.swift */ = {isa = PBXFileReference; fileEncoding = 4; lastKnownFileType = sourcecode.swift; path = BadRequestError.swift; sourceTree = "<group>"; };
		BCCBE5631BC692E200D61852 /* UpholdClientError.swift */ = {isa = PBXFileReference; fileEncoding = 4; lastKnownFileType = sourcecode.swift; path = UpholdClientError.swift; sourceTree = "<group>"; };
		BCCBE5641BC692E200D61852 /* NotFoundError.swift */ = {isa = PBXFileReference; fileEncoding = 4; lastKnownFileType = sourcecode.swift; path = NotFoundError.swift; sourceTree = "<group>"; };
		BCCBE5651BC692E200D61852 /* UnhandledError.swift */ = {isa = PBXFileReference; fileEncoding = 4; lastKnownFileType = sourcecode.swift; path = UnhandledError.swift; sourceTree = "<group>"; };
		BCF5C6B21BCFEA5800B6DFAC /* Mockingjay.xcodeproj */ = {isa = PBXFileReference; lastKnownFileType = "wrapper.pb-project"; name = Mockingjay.xcodeproj; path = Carthage/Checkouts/Mockingjay/Mockingjay.xcodeproj; sourceTree = "<group>"; };
		BCF656C41BCFCEE5008E2F97 /* Header.swift */ = {isa = PBXFileReference; fileEncoding = 4; lastKnownFileType = sourcecode.swift; name = Header.swift; path = Util/Header.swift; sourceTree = "<group>"; };
		BCF656C61BCFCF85008E2F97 /* GlobalConfigurations.swift */ = {isa = PBXFileReference; fileEncoding = 4; lastKnownFileType = sourcecode.swift; name = GlobalConfigurations.swift; path = Config/GlobalConfigurations.swift; sourceTree = "<group>"; };
/* End PBXFileReference section */

/* Begin PBXFrameworksBuildPhase section */
		BC2381281BB462170060CC80 /* Frameworks */ = {
			isa = PBXFrameworksBuildPhase;
			buildActionMask = 2147483647;
			files = (
				BCB089B81BD52F270097C475 /* PromiseKit.framework in Frameworks */,
				BC2381BC1BB464D90060CC80 /* ObjectMapper.framework in Frameworks */,
				BC2381BD1BB464D90060CC80 /* SwiftClient.framework in Frameworks */,
			);
			runOnlyForDeploymentPostprocessing = 0;
		};
		BC2381331BB462180060CC80 /* Frameworks */ = {
			isa = PBXFrameworksBuildPhase;
			buildActionMask = 2147483647;
			files = (
			);
			runOnlyForDeploymentPostprocessing = 0;
		};
/* End PBXFrameworksBuildPhase section */

/* Begin PBXGroup section */
		BC2381221BB462170060CC80 = {
			isa = PBXGroup;
			children = (
				BC3DD9DB1BB470480067CBCC /* Dependencies */,
				BC2381771BB4627C0060CC80 /* Tests */,
				BC2381461BB4626F0060CC80 /* Source */,
				BC23812D1BB462170060CC80 /* Products */,
			);
			sourceTree = "<group>";
		};
		BC23812D1BB462170060CC80 /* Products */ = {
			isa = PBXGroup;
			children = (
				BC23812C1BB462170060CC80 /* UpholdSdk.framework */,
				BC2381361BB462180060CC80 /* UpholdSdkTests.xctest */,
			);
			name = Products;
			sourceTree = "<group>";
		};
		BC2381461BB4626F0060CC80 /* Source */ = {
			isa = PBXGroup;
			children = (
				BC2381491BB4626F0060CC80 /* Info.plist */,
				BC2381471BB4626F0060CC80 /* Client */,
				BCF656B91BCFCD6E008E2F97 /* Config */,
				BCCBE55F1BC692E200D61852 /* ErrorHandling */,
				BC23814A1BB4626F0060CC80 /* Model */,
				BC23815D1BB4626F0060CC80 /* Service */,
				BCF656C31BCFCEAE008E2F97 /* Util */,
			);
			path = Source;
			sourceTree = "<group>";
		};
		BC2381471BB4626F0060CC80 /* Client */ = {
			isa = PBXGroup;
			children = (
				BCCBE5561BC6924A00D61852 /* UpholdClientErrorHandling.swift */,
				BC2381481BB4626F0060CC80 /* UpholdClient.swift */,
				BCB089901BD52DC20097C475 /* UpholdRestAdapter.swift */,
			);
			path = Client;
			sourceTree = "<group>";
		};
		BC23814A1BB4626F0060CC80 /* Model */ = {
			isa = PBXGroup;
			children = (
				BC23814B1BB4626F0060CC80 /* Card */,
				BC23814F1BB4626F0060CC80 /* Card.swift */,
				BC2381501BB4626F0060CC80 /* Rate.swift */,
				BC91E89A1BECD8170074C538 /* Reserve */,
				BC91E8851BECD80C0074C538 /* Reserve.swift */,
				BC2381511BB4626F0060CC80 /* Transaction */,
				BC2381571BB4626F0060CC80 /* Transaction.swift */,
				BC2381581BB4626F0060CC80 /* User */,
				BC23815C1BB4626F0060CC80 /* User.swift */,
				BC4A30561BEA655B001B6249 /* Token.swift */,
				BC4A306F1BEA657C001B6249 /* BaseModel.swift */,
			);
			path = Model;
			sourceTree = "<group>";
		};
		BC23814B1BB4626F0060CC80 /* Card */ = {
			isa = PBXGroup;
			children = (
				BC23814D1BB4626F0060CC80 /* CardSettings.swift */,
				BC23814E1BB4626F0060CC80 /* Normalized.swift */,
			);
			path = Card;
			sourceTree = "<group>";
		};
		BC2381511BB4626F0060CC80 /* Transaction */ = {
			isa = PBXGroup;
			children = (
				BC2381521BB4626F0060CC80 /* Denomination.swift */,
				BC2381531BB4626F0060CC80 /* Destination.swift */,
				BC2381541BB4626F0060CC80 /* Origin.swift */,
				BC2381551BB4626F0060CC80 /* Parameters.swift */,
				BC2381561BB4626F0060CC80 /* Source.swift */,
			);
			path = Transaction;
			sourceTree = "<group>";
		};
		BC2381581BB4626F0060CC80 /* User */ = {
			isa = PBXGroup;
			children = (
				BC2381591BB4626F0060CC80 /* InternationalizationUserSetting.swift */,
				BC23815A1BB4626F0060CC80 /* InternationalizationUserSettings.swift */,
				BC23815B1BB4626F0060CC80 /* UserSettings.swift */,
			);
			path = User;
			sourceTree = "<group>";
		};
		BC23815D1BB4626F0060CC80 /* Service */ = {
			isa = PBXGroup;
			children = (
				BC23815E1BB4626F0060CC80 /* ReserveService.swift */,
				BC23815F1BB4626F0060CC80 /* TickerService.swift */,
				BC2381601BB4626F0060CC80 /* UserCardService.swift */,
				BC2381611BB4626F0060CC80 /* UserService.swift */,
			);
			path = Service;
			sourceTree = "<group>";
		};
		BC2381771BB4627C0060CC80 /* Tests */ = {
			isa = PBXGroup;
			children = (
				BC2381781BB4627C0060CC80 /* Info.plist */,
				BC2381791BB4627C0060CC80 /* Integration */,
				BC5C0A7B1BD4F6F800CEF466 /* Util */,
			);
			path = Tests;
			sourceTree = "<group>";
		};
		BC2381791BB4627C0060CC80 /* Integration */ = {
			isa = PBXGroup;
			children = (
				BCF5C69A1BCFE82200B6DFAC /* Client */,
				BC995DA71BDFD9B50031FA5E /* ErrorHandling */,
				BC38D9FA1BB97E4F0044239A /* Service */,
				BC23817A1BB4627C0060CC80 /* Model */,
				BCC9E0AE1BD10F0500C5C3C8 /* Util */,
			);
			path = Integration;
			sourceTree = "<group>";
		};
		BC23817A1BB4627C0060CC80 /* Model */ = {
			isa = PBXGroup;
			children = (
				BC23817B1BB4627C0060CC80 /* CardTest.swift */,
				BC23817C1BB4627C0060CC80 /* RateTest.swift */,
				BC91E8A51BECDB030074C538 /* ReserveTest.swift */,
				BC23817D1BB4627C0060CC80 /* TransactionTest.swift */,
				BC23817E1BB4627C0060CC80 /* UserTest.swift */,
			);
			path = Model;
			sourceTree = "<group>";
		};
		BC2381A21BB464B00060CC80 /* Products */ = {
			isa = PBXGroup;
			children = (
				BC2381AA1BB464B00060CC80 /* ObjectMapper.framework */,
				BC2381AC1BB464B00060CC80 /* ObjectMapper.framework */,
				BC2381AE1BB464B00060CC80 /* ObjectMapper.framework */,
				BC4A30611BEA655C001B6249 /* ObjectMapper.framework */,
				BC2381B01BB464B00060CC80 /* ObjectMapper-iOSTests.xctest */,
				BC2381B21BB464B00060CC80 /* ObjectMapper-MacTests.xctest */,
				BC4A30631BEA655C001B6249 /* ObjectMapper-tvOSTests.xctest */,
			);
			name = Products;
			sourceTree = "<group>";
		};
		BC2381B41BB464B70060CC80 /* Products */ = {
			isa = PBXGroup;
			children = (
				BC2381B91BB464B70060CC80 /* SwiftClient.framework */,
				BC2381BB1BB464B70060CC80 /* SwiftClientTests.xctest */,
			);
			name = Products;
			sourceTree = "<group>";
		};
		BC38D9FA1BB97E4F0044239A /* Service */ = {
			isa = PBXGroup;
			children = (
				BC38D9FB1BB97E4F0044239A /* ReserveServiceTest.swift */,
				BC38D9FC1BB97E4F0044239A /* TickerServiceTest.swift */,
				BC38D9FD1BB97E4F0044239A /* UserCardServiceTest.swift */,
				BC38D9FE1BB97E4F0044239A /* UserServiceTest.swift */,
			);
			path = Service;
			sourceTree = "<group>";
		};
		BC3DD9DB1BB470480067CBCC /* Dependencies */ = {
			isa = PBXGroup;
			children = (
				BCF5C6B21BCFEA5800B6DFAC /* Mockingjay.xcodeproj */,
				BC2381A11BB464B00060CC80 /* ObjectMapper.xcodeproj */,
				BCB0899A1BD52EEC0097C475 /* PromiseKit.xcodeproj */,
				BC2381B31BB464B70060CC80 /* SwiftClient.xcodeproj */,
			);
			name = Dependencies;
			sourceTree = "<group>";
		};
		BC5C0A7B1BD4F6F800CEF466 /* Util */ = {
			isa = PBXGroup;
			children = (
				BC5C0A841BD4F77700CEF466 /* MockRequest.swift */,
				BC4473C41BD64E2B003B4196 /* UpholdTestCase.swift */,
				BC7E74111BEA80D6006AAE0E /* MockRestAdapter.swift */,
			);
			name = Util;
			sourceTree = "<group>";
		};
		BC91E89A1BECD8170074C538 /* Reserve */ = {
			isa = PBXGroup;
			children = (
				BC91E89B1BECD8270074C538 /* Deposit.swift */,
				BC91E89C1BECD8270074C538 /* DepositMovement.swift */,
				BC91E89D1BECD8270074C538 /* ReserveStatistics.swift */,
				BC91E89E1BECD8270074C538 /* Total.swift */,
				BC91E89F1BECD8270074C538 /* Value.swift */,
			);
			name = Reserve;
			sourceTree = "<group>";
		};
		BC995DA71BDFD9B50031FA5E /* ErrorHandling */ = {
			isa = PBXGroup;
			children = (
				BCC1EB2E1BE3939800F37B7D /* UpholdClientErrorHandlingTest.swift */,
			);
			name = ErrorHandling;
			sourceTree = "<group>";
		};
		BCB0899B1BD52EEC0097C475 /* Products */ = {
			isa = PBXGroup;
			children = (
				BCB089A71BD52EEC0097C475 /* PromiseKit.framework */,
				BCB089A91BD52EEC0097C475 /* PromiseKit.framework */,
				BCB089AB1BD52EEC0097C475 /* PromiseKit.framework */,
				BCB089AD1BD52EEC0097C475 /* PMKTests.xctest */,
				BCB089AF1BD52EEC0097C475 /* PMKAPlusTests.xctest */,
				BCB089B11BD52EEC0097C475 /* PMKiOSCategoryTests.xctest */,
				BCB089B31BD52EEC0097C475 /* PMKOSXCategoryTests.xctest */,
				BCB089B51BD52EEC0097C475 /* PMKiOSUITestsHost.app */,
				BCB089B71BD52EEC0097C475 /* PMKiOSUITests.xctest */,
			);
			name = Products;
			sourceTree = "<group>";
		};
		BCC9E0AE1BD10F0500C5C3C8 /* Util */ = {
			isa = PBXGroup;
			children = (
				BCC9E0AF1BD10F4300C5C3C8 /* HeaderTest.swift */,
			);
			name = Util;
			sourceTree = "<group>";
		};
		BCCBE55F1BC692E200D61852 /* ErrorHandling */ = {
			isa = PBXGroup;
			children = (
				BC8E25731BCFBB4F00C15899 /* ApiLimitExceedError.swift */,
				BCCBE5611BC692E200D61852 /* AuthenticationError.swift */,
				BCCBE5621BC692E200D61852 /* BadRequestError.swift */,
				BCCBE5631BC692E200D61852 /* UpholdClientError.swift */,
				BCCBE5641BC692E200D61852 /* NotFoundError.swift */,
				BCCBE5651BC692E200D61852 /* UnhandledError.swift */,
				BC1CFA451BDFCF1D00979038 /* LogicError.swift */,
			);
			path = ErrorHandling;
			sourceTree = "<group>";
		};
		BCF5C69A1BCFE82200B6DFAC /* Client */ = {
			isa = PBXGroup;
			children = (
				BC622E981BD546CA007E767C /* UpholdRestAdapterTest.swift */,
				BC7E73FC1BEA7BB6006AAE0E /* UpholdClientTest.swift */,
			);
			name = Client;
			sourceTree = "<group>";
		};
		BCF5C6B31BCFEA5800B6DFAC /* Products */ = {
			isa = PBXGroup;
			children = (
				BCF5C6B91BCFEA5900B6DFAC /* Mockingjay.framework */,
				BCF5C6BB1BCFEA5900B6DFAC /* MockingjayTests.xctest */,
			);
			name = Products;
			sourceTree = "<group>";
		};
		BCF656B91BCFCD6E008E2F97 /* Config */ = {
			isa = PBXGroup;
			children = (
				BCF656C61BCFCF85008E2F97 /* GlobalConfigurations.swift */,
			);
			name = Config;
			sourceTree = "<group>";
		};
		BCF656C31BCFCEAE008E2F97 /* Util */ = {
			isa = PBXGroup;
			children = (
				BCF656C41BCFCEE5008E2F97 /* Header.swift */,
			);
			name = Util;
			sourceTree = "<group>";
		};
/* End PBXGroup section */

/* Begin PBXHeadersBuildPhase section */
		BC2381291BB462170060CC80 /* Headers */ = {
			isa = PBXHeadersBuildPhase;
			buildActionMask = 2147483647;
			files = (
			);
			runOnlyForDeploymentPostprocessing = 0;
		};
/* End PBXHeadersBuildPhase section */

/* Begin PBXNativeTarget section */
		BC23812B1BB462170060CC80 /* UpholdSdk */ = {
			isa = PBXNativeTarget;
			buildConfigurationList = BC2381401BB462180060CC80 /* Build configuration list for PBXNativeTarget "UpholdSdk" */;
			buildPhases = (
				BC2381271BB462170060CC80 /* Sources */,
				BC2381281BB462170060CC80 /* Frameworks */,
				BC2381291BB462170060CC80 /* Headers */,
				BC23812A1BB462170060CC80 /* Resources */,
				BC62F2AE1BCE4EFA007E6FDB /* ShellScript */,
			);
			buildRules = (
			);
			dependencies = (
			);
			name = UpholdSdk;
			productName = UpholdSdk;
			productReference = BC23812C1BB462170060CC80 /* UpholdSdk.framework */;
			productType = "com.apple.product-type.framework";
		};
		BC2381351BB462180060CC80 /* UpholdSdkTests */ = {
			isa = PBXNativeTarget;
			buildConfigurationList = BC2381431BB462180060CC80 /* Build configuration list for PBXNativeTarget "UpholdSdkTests" */;
			buildPhases = (
				BC2381321BB462180060CC80 /* Sources */,
				BC2381331BB462180060CC80 /* Frameworks */,
				BC2381341BB462180060CC80 /* Resources */,
			);
			buildRules = (
			);
			dependencies = (
				BCF5C6BD1BCFEA6400B6DFAC /* PBXTargetDependency */,
				BC6BEE231BCEACBA0090656F /* PBXTargetDependency */,
			);
			name = UpholdSdkTests;
			productName = UpholdSdkTests;
			productReference = BC2381361BB462180060CC80 /* UpholdSdkTests.xctest */;
			productType = "com.apple.product-type.bundle.unit-test";
		};
/* End PBXNativeTarget section */

/* Begin PBXProject section */
		BC2381231BB462170060CC80 /* Project object */ = {
			isa = PBXProject;
			attributes = {
				LastUpgradeCheck = 0700;
				ORGANIZATIONNAME = Uphold;
				TargetAttributes = {
					BC23812B1BB462170060CC80 = {
						CreatedOnToolsVersion = 7.0;
					};
					BC2381351BB462180060CC80 = {
						CreatedOnToolsVersion = 7.0;
					};
				};
			};
			buildConfigurationList = BC2381261BB462170060CC80 /* Build configuration list for PBXProject "UpholdSdk" */;
			compatibilityVersion = "Xcode 3.2";
			developmentRegion = English;
			hasScannedForEncodings = 0;
			knownRegions = (
				en,
			);
			mainGroup = BC2381221BB462170060CC80;
			productRefGroup = BC23812D1BB462170060CC80 /* Products */;
			projectDirPath = "";
			projectReferences = (
				{
					ProductGroup = BCF5C6B31BCFEA5800B6DFAC /* Products */;
					ProjectRef = BCF5C6B21BCFEA5800B6DFAC /* Mockingjay.xcodeproj */;
				},
				{
					ProductGroup = BC2381A21BB464B00060CC80 /* Products */;
					ProjectRef = BC2381A11BB464B00060CC80 /* ObjectMapper.xcodeproj */;
				},
				{
					ProductGroup = BCB0899B1BD52EEC0097C475 /* Products */;
					ProjectRef = BCB0899A1BD52EEC0097C475 /* PromiseKit.xcodeproj */;
				},
				{
					ProductGroup = BC2381B41BB464B70060CC80 /* Products */;
					ProjectRef = BC2381B31BB464B70060CC80 /* SwiftClient.xcodeproj */;
				},
			);
			projectRoot = "";
			targets = (
				BC23812B1BB462170060CC80 /* UpholdSdk */,
				BC2381351BB462180060CC80 /* UpholdSdkTests */,
			);
		};
/* End PBXProject section */

/* Begin PBXReferenceProxy section */
		BC2381AA1BB464B00060CC80 /* ObjectMapper.framework */ = {
			isa = PBXReferenceProxy;
			fileType = wrapper.framework;
			path = ObjectMapper.framework;
			remoteRef = BC2381A91BB464B00060CC80 /* PBXContainerItemProxy */;
			sourceTree = BUILT_PRODUCTS_DIR;
		};
		BC2381AC1BB464B00060CC80 /* ObjectMapper.framework */ = {
			isa = PBXReferenceProxy;
			fileType = wrapper.framework;
			path = ObjectMapper.framework;
			remoteRef = BC2381AB1BB464B00060CC80 /* PBXContainerItemProxy */;
			sourceTree = BUILT_PRODUCTS_DIR;
		};
		BC2381AE1BB464B00060CC80 /* ObjectMapper.framework */ = {
			isa = PBXReferenceProxy;
			fileType = wrapper.framework;
			path = ObjectMapper.framework;
			remoteRef = BC2381AD1BB464B00060CC80 /* PBXContainerItemProxy */;
			sourceTree = BUILT_PRODUCTS_DIR;
		};
		BC2381B01BB464B00060CC80 /* ObjectMapper-iOSTests.xctest */ = {
			isa = PBXReferenceProxy;
			fileType = wrapper.cfbundle;
			path = "ObjectMapper-iOSTests.xctest";
			remoteRef = BC2381AF1BB464B00060CC80 /* PBXContainerItemProxy */;
			sourceTree = BUILT_PRODUCTS_DIR;
		};
		BC2381B21BB464B00060CC80 /* ObjectMapper-MacTests.xctest */ = {
			isa = PBXReferenceProxy;
			fileType = wrapper.cfbundle;
			path = "ObjectMapper-MacTests.xctest";
			remoteRef = BC2381B11BB464B00060CC80 /* PBXContainerItemProxy */;
			sourceTree = BUILT_PRODUCTS_DIR;
		};
		BC2381B91BB464B70060CC80 /* SwiftClient.framework */ = {
			isa = PBXReferenceProxy;
			fileType = wrapper.framework;
			path = SwiftClient.framework;
			remoteRef = BC2381B81BB464B70060CC80 /* PBXContainerItemProxy */;
			sourceTree = BUILT_PRODUCTS_DIR;
		};
		BC2381BB1BB464B70060CC80 /* SwiftClientTests.xctest */ = {
			isa = PBXReferenceProxy;
			fileType = wrapper.cfbundle;
			path = SwiftClientTests.xctest;
			remoteRef = BC2381BA1BB464B70060CC80 /* PBXContainerItemProxy */;
			sourceTree = BUILT_PRODUCTS_DIR;
		};
		BC4A30611BEA655C001B6249 /* ObjectMapper.framework */ = {
			isa = PBXReferenceProxy;
			fileType = wrapper.framework;
			path = ObjectMapper.framework;
			remoteRef = BC4A30601BEA655C001B6249 /* PBXContainerItemProxy */;
			sourceTree = BUILT_PRODUCTS_DIR;
		};
		BC4A30631BEA655C001B6249 /* ObjectMapper-tvOSTests.xctest */ = {
			isa = PBXReferenceProxy;
			fileType = wrapper.cfbundle;
			path = "ObjectMapper-tvOSTests.xctest";
			remoteRef = BC4A30621BEA655C001B6249 /* PBXContainerItemProxy */;
			sourceTree = BUILT_PRODUCTS_DIR;
		};
		BCB089A71BD52EEC0097C475 /* PromiseKit.framework */ = {
			isa = PBXReferenceProxy;
			fileType = wrapper.framework;
			path = PromiseKit.framework;
			remoteRef = BCB089A61BD52EEC0097C475 /* PBXContainerItemProxy */;
			sourceTree = BUILT_PRODUCTS_DIR;
		};
		BCB089A91BD52EEC0097C475 /* PromiseKit.framework */ = {
			isa = PBXReferenceProxy;
			fileType = wrapper.framework;
			path = PromiseKit.framework;
			remoteRef = BCB089A81BD52EEC0097C475 /* PBXContainerItemProxy */;
			sourceTree = BUILT_PRODUCTS_DIR;
		};
		BCB089AB1BD52EEC0097C475 /* PromiseKit.framework */ = {
			isa = PBXReferenceProxy;
			fileType = wrapper.framework;
			path = PromiseKit.framework;
			remoteRef = BCB089AA1BD52EEC0097C475 /* PBXContainerItemProxy */;
			sourceTree = BUILT_PRODUCTS_DIR;
		};
		BCB089AD1BD52EEC0097C475 /* PMKTests.xctest */ = {
			isa = PBXReferenceProxy;
			fileType = wrapper.cfbundle;
			path = PMKTests.xctest;
			remoteRef = BCB089AC1BD52EEC0097C475 /* PBXContainerItemProxy */;
			sourceTree = BUILT_PRODUCTS_DIR;
		};
		BCB089AF1BD52EEC0097C475 /* PMKAPlusTests.xctest */ = {
			isa = PBXReferenceProxy;
			fileType = wrapper.cfbundle;
			path = PMKAPlusTests.xctest;
			remoteRef = BCB089AE1BD52EEC0097C475 /* PBXContainerItemProxy */;
			sourceTree = BUILT_PRODUCTS_DIR;
		};
		BCB089B11BD52EEC0097C475 /* PMKiOSCategoryTests.xctest */ = {
			isa = PBXReferenceProxy;
			fileType = wrapper.cfbundle;
			path = PMKiOSCategoryTests.xctest;
			remoteRef = BCB089B01BD52EEC0097C475 /* PBXContainerItemProxy */;
			sourceTree = BUILT_PRODUCTS_DIR;
		};
		BCB089B31BD52EEC0097C475 /* PMKOSXCategoryTests.xctest */ = {
			isa = PBXReferenceProxy;
			fileType = wrapper.cfbundle;
			path = PMKOSXCategoryTests.xctest;
			remoteRef = BCB089B21BD52EEC0097C475 /* PBXContainerItemProxy */;
			sourceTree = BUILT_PRODUCTS_DIR;
		};
		BCB089B51BD52EEC0097C475 /* PMKiOSUITestsHost.app */ = {
			isa = PBXReferenceProxy;
			fileType = wrapper.application;
			path = PMKiOSUITestsHost.app;
			remoteRef = BCB089B41BD52EEC0097C475 /* PBXContainerItemProxy */;
			sourceTree = BUILT_PRODUCTS_DIR;
		};
		BCB089B71BD52EEC0097C475 /* PMKiOSUITests.xctest */ = {
			isa = PBXReferenceProxy;
			fileType = wrapper.cfbundle;
			path = PMKiOSUITests.xctest;
			remoteRef = BCB089B61BD52EEC0097C475 /* PBXContainerItemProxy */;
			sourceTree = BUILT_PRODUCTS_DIR;
		};
		BCF5C6B91BCFEA5900B6DFAC /* Mockingjay.framework */ = {
			isa = PBXReferenceProxy;
			fileType = wrapper.framework;
			path = Mockingjay.framework;
			remoteRef = BCF5C6B81BCFEA5900B6DFAC /* PBXContainerItemProxy */;
			sourceTree = BUILT_PRODUCTS_DIR;
		};
		BCF5C6BB1BCFEA5900B6DFAC /* MockingjayTests.xctest */ = {
			isa = PBXReferenceProxy;
			fileType = wrapper.cfbundle;
			path = MockingjayTests.xctest;
			remoteRef = BCF5C6BA1BCFEA5900B6DFAC /* PBXContainerItemProxy */;
			sourceTree = BUILT_PRODUCTS_DIR;
		};
/* End PBXReferenceProxy section */

/* Begin PBXResourcesBuildPhase section */
		BC23812A1BB462170060CC80 /* Resources */ = {
			isa = PBXResourcesBuildPhase;
			buildActionMask = 2147483647;
			files = (
			);
			runOnlyForDeploymentPostprocessing = 0;
		};
		BC2381341BB462180060CC80 /* Resources */ = {
			isa = PBXResourcesBuildPhase;
			buildActionMask = 2147483647;
			files = (
			);
			runOnlyForDeploymentPostprocessing = 0;
		};
/* End PBXResourcesBuildPhase section */

/* Begin PBXShellScriptBuildPhase section */
		BC62F2AE1BCE4EFA007E6FDB /* ShellScript */ = {
			isa = PBXShellScriptBuildPhase;
			buildActionMask = 2147483647;
			files = (
			);
			inputPaths = (
			);
			outputPaths = (
			);
			runOnlyForDeploymentPostprocessing = 0;
			shellPath = /bin/sh;
			shellScript = "if which swiftlint >/dev/null; then\n    swiftlint\nelse\n    echo \"SwiftLint does not exist, download from https://github.com/realm/SwiftLint\"\nfi";
		};
/* End PBXShellScriptBuildPhase section */

/* Begin PBXSourcesBuildPhase section */
		BC2381271BB462170060CC80 /* Sources */ = {
			isa = PBXSourcesBuildPhase;
			buildActionMask = 2147483647;
			files = (
				BC2381661BB4626F0060CC80 /* Normalized.swift in Sources */,
				BC23816F1BB4626F0060CC80 /* InternationalizationUserSetting.swift in Sources */,
				BCCBE5681BC692E200D61852 /* BadRequestError.swift in Sources */,
				BC23816E1BB4626F0060CC80 /* Transaction.swift in Sources */,
				BC91E8A01BECD8270074C538 /* Deposit.swift in Sources */,
				BC91E8A31BECD8270074C538 /* Total.swift in Sources */,
				BC91E8A11BECD8270074C538 /* DepositMovement.swift in Sources */,
				BC2381721BB4626F0060CC80 /* User.swift in Sources */,
				BC2381741BB4626F0060CC80 /* TickerService.swift in Sources */,
				BC91E8861BECD80C0074C538 /* Reserve.swift in Sources */,
				BC2381691BB4626F0060CC80 /* Denomination.swift in Sources */,
				BCCBE5571BC6924A00D61852 /* UpholdClientErrorHandling.swift in Sources */,
				BC2381701BB4626F0060CC80 /* InternationalizationUserSettings.swift in Sources */,
				BC1CFA461BDFCF1D00979038 /* LogicError.swift in Sources */,
				BCCBE56A1BC692E200D61852 /* NotFoundError.swift in Sources */,
				BC91E8A41BECD8270074C538 /* Value.swift in Sources */,
				BC2381671BB4626F0060CC80 /* Card.swift in Sources */,
				BCCBE56B1BC692E200D61852 /* UnhandledError.swift in Sources */,
				BC23816D1BB4626F0060CC80 /* Source.swift in Sources */,
				BC91E8A21BECD8270074C538 /* ReserveStatistics.swift in Sources */,
				BC8E25741BCFBB4F00C15899 /* ApiLimitExceedError.swift in Sources */,
				BC2381681BB4626F0060CC80 /* Rate.swift in Sources */,
				BC2381751BB4626F0060CC80 /* UserCardService.swift in Sources */,
				BCCBE5671BC692E200D61852 /* AuthenticationError.swift in Sources */,
				BC23816C1BB4626F0060CC80 /* Parameters.swift in Sources */,
				BC23816B1BB4626F0060CC80 /* Origin.swift in Sources */,
				BCCBE5691BC692E200D61852 /* UpholdClientError.swift in Sources */,
				BC2381651BB4626F0060CC80 /* CardSettings.swift in Sources */,
				BC4A30701BEA657C001B6249 /* BaseModel.swift in Sources */,
				BCF656C71BCFCF85008E2F97 /* GlobalConfigurations.swift in Sources */,
				BC23816A1BB4626F0060CC80 /* Destination.swift in Sources */,
				BCB089911BD52DC20097C475 /* UpholdRestAdapter.swift in Sources */,
				BC4A30571BEA655B001B6249 /* Token.swift in Sources */,
				BC2381761BB4626F0060CC80 /* UserService.swift in Sources */,
				BCF656C51BCFCEE5008E2F97 /* Header.swift in Sources */,
				BC2381711BB4626F0060CC80 /* UserSettings.swift in Sources */,
				BC2381621BB4626F0060CC80 /* UpholdClient.swift in Sources */,
				BC2381731BB4626F0060CC80 /* ReserveService.swift in Sources */,
			);
			runOnlyForDeploymentPostprocessing = 0;
		};
		BC2381321BB462180060CC80 /* Sources */ = {
			isa = PBXSourcesBuildPhase;
			buildActionMask = 2147483647;
			files = (
				BC38DA021BB97E4F0044239A /* UserServiceTest.swift in Sources */,
				BC38DA011BB97E4F0044239A /* UserCardServiceTest.swift in Sources */,
				BC2381831BB4627C0060CC80 /* UserTest.swift in Sources */,
				BCC1EB2F1BE3939800F37B7D /* UpholdClientErrorHandlingTest.swift in Sources */,
				BC4473C51BD64E2B003B4196 /* UpholdTestCase.swift in Sources */,
				BC38DA001BB97E4F0044239A /* TickerServiceTest.swift in Sources */,
				BC2381821BB4627C0060CC80 /* TransactionTest.swift in Sources */,
				BC2381801BB4627C0060CC80 /* CardTest.swift in Sources */,
				BC91E8A61BECDB030074C538 /* ReserveTest.swift in Sources */,
				BC7E73FD1BEA7BB6006AAE0E /* UpholdClientTest.swift in Sources */,
				BCC9E0B01BD10F4300C5C3C8 /* HeaderTest.swift in Sources */,
				BC38D9FF1BB97E4F0044239A /* ReserveServiceTest.swift in Sources */,
				BC7E74121BEA80D6006AAE0E /* MockRestAdapter.swift in Sources */,
				BC622E991BD546CA007E767C /* UpholdRestAdapterTest.swift in Sources */,
				BC2381811BB4627C0060CC80 /* RateTest.swift in Sources */,
				BC5C0A851BD4F77700CEF466 /* MockRequest.swift in Sources */,
			);
			runOnlyForDeploymentPostprocessing = 0;
		};
/* End PBXSourcesBuildPhase section */

/* Begin PBXTargetDependency section */
		BC6BEE231BCEACBA0090656F /* PBXTargetDependency */ = {
			isa = PBXTargetDependency;
			target = BC23812B1BB462170060CC80 /* UpholdSdk */;
			targetProxy = BC6BEE221BCEACBA0090656F /* PBXContainerItemProxy */;
		};
		BCF5C6BD1BCFEA6400B6DFAC /* PBXTargetDependency */ = {
			isa = PBXTargetDependency;
			name = Mockingjay;
			targetProxy = BCF5C6BC1BCFEA6400B6DFAC /* PBXContainerItemProxy */;
		};
/* End PBXTargetDependency section */

/* Begin XCBuildConfiguration section */
		BC23813E1BB462180060CC80 /* Debug */ = {
			isa = XCBuildConfiguration;
			buildSettings = {
				ALWAYS_SEARCH_USER_PATHS = NO;
				CLANG_CXX_LANGUAGE_STANDARD = "gnu++0x";
				CLANG_CXX_LIBRARY = "libc++";
				CLANG_ENABLE_MODULES = YES;
				CLANG_ENABLE_OBJC_ARC = YES;
				CLANG_WARN_BOOL_CONVERSION = YES;
				CLANG_WARN_CONSTANT_CONVERSION = YES;
				CLANG_WARN_DIRECT_OBJC_ISA_USAGE = YES_ERROR;
				CLANG_WARN_EMPTY_BODY = YES;
				CLANG_WARN_ENUM_CONVERSION = YES;
				CLANG_WARN_INT_CONVERSION = YES;
				CLANG_WARN_OBJC_ROOT_CLASS = YES_ERROR;
				CLANG_WARN_UNREACHABLE_CODE = YES;
				CLANG_WARN__DUPLICATE_METHOD_MATCH = YES;
				"CODE_SIGN_IDENTITY[sdk=iphoneos*]" = "iPhone Developer";
				COPY_PHASE_STRIP = NO;
				CURRENT_PROJECT_VERSION = 1;
				DEBUG_INFORMATION_FORMAT = dwarf;
				ENABLE_STRICT_OBJC_MSGSEND = YES;
				ENABLE_TESTABILITY = YES;
				GCC_C_LANGUAGE_STANDARD = gnu99;
				GCC_DYNAMIC_NO_PIC = NO;
				GCC_NO_COMMON_BLOCKS = YES;
				GCC_OPTIMIZATION_LEVEL = 0;
				GCC_PREPROCESSOR_DEFINITIONS = (
					"DEBUG=1",
					"$(inherited)",
				);
				GCC_WARN_64_TO_32_BIT_CONVERSION = YES;
				GCC_WARN_ABOUT_RETURN_TYPE = YES_ERROR;
				GCC_WARN_UNDECLARED_SELECTOR = YES;
				GCC_WARN_UNINITIALIZED_AUTOS = YES_AGGRESSIVE;
				GCC_WARN_UNUSED_FUNCTION = YES;
				GCC_WARN_UNUSED_VARIABLE = YES;
				IPHONEOS_DEPLOYMENT_TARGET = 9.0;
				MTL_ENABLE_DEBUG_INFO = YES;
				ONLY_ACTIVE_ARCH = YES;
				SDKROOT = iphoneos;
				SWIFT_OPTIMIZATION_LEVEL = "-Onone";
				TARGETED_DEVICE_FAMILY = "1,2";
				VERSIONING_SYSTEM = "apple-generic";
				VERSION_INFO_PREFIX = "";
			};
			name = Debug;
		};
		BC23813F1BB462180060CC80 /* Release */ = {
			isa = XCBuildConfiguration;
			buildSettings = {
				ALWAYS_SEARCH_USER_PATHS = NO;
				CLANG_CXX_LANGUAGE_STANDARD = "gnu++0x";
				CLANG_CXX_LIBRARY = "libc++";
				CLANG_ENABLE_MODULES = YES;
				CLANG_ENABLE_OBJC_ARC = YES;
				CLANG_WARN_BOOL_CONVERSION = YES;
				CLANG_WARN_CONSTANT_CONVERSION = YES;
				CLANG_WARN_DIRECT_OBJC_ISA_USAGE = YES_ERROR;
				CLANG_WARN_EMPTY_BODY = YES;
				CLANG_WARN_ENUM_CONVERSION = YES;
				CLANG_WARN_INT_CONVERSION = YES;
				CLANG_WARN_OBJC_ROOT_CLASS = YES_ERROR;
				CLANG_WARN_UNREACHABLE_CODE = YES;
				CLANG_WARN__DUPLICATE_METHOD_MATCH = YES;
				"CODE_SIGN_IDENTITY[sdk=iphoneos*]" = "iPhone Developer";
				COPY_PHASE_STRIP = NO;
				CURRENT_PROJECT_VERSION = 1;
				DEBUG_INFORMATION_FORMAT = "dwarf-with-dsym";
				ENABLE_NS_ASSERTIONS = NO;
				ENABLE_STRICT_OBJC_MSGSEND = YES;
				GCC_C_LANGUAGE_STANDARD = gnu99;
				GCC_NO_COMMON_BLOCKS = YES;
				GCC_WARN_64_TO_32_BIT_CONVERSION = YES;
				GCC_WARN_ABOUT_RETURN_TYPE = YES_ERROR;
				GCC_WARN_UNDECLARED_SELECTOR = YES;
				GCC_WARN_UNINITIALIZED_AUTOS = YES_AGGRESSIVE;
				GCC_WARN_UNUSED_FUNCTION = YES;
				GCC_WARN_UNUSED_VARIABLE = YES;
				IPHONEOS_DEPLOYMENT_TARGET = 9.0;
				MTL_ENABLE_DEBUG_INFO = NO;
				SDKROOT = iphoneos;
				TARGETED_DEVICE_FAMILY = "1,2";
				VALIDATE_PRODUCT = YES;
				VERSIONING_SYSTEM = "apple-generic";
				VERSION_INFO_PREFIX = "";
			};
			name = Release;
		};
		BC2381411BB462180060CC80 /* Debug */ = {
			isa = XCBuildConfiguration;
			buildSettings = {
				DEFINES_MODULE = YES;
				DYLIB_COMPATIBILITY_VERSION = 1;
				DYLIB_CURRENT_VERSION = 1;
				DYLIB_INSTALL_NAME_BASE = "@rpath";
				INFOPLIST_FILE = "$(SRCROOT)/Source/Info.plist";
				INSTALL_PATH = "$(LOCAL_LIBRARY_DIR)/Frameworks";
				LD_RUNPATH_SEARCH_PATHS = "$(inherited) @executable_path/Frameworks @loader_path/Frameworks";
				PRODUCT_BUNDLE_IDENTIFIER = com.uphold.upholdsdk;
				PRODUCT_NAME = UpholdSdk;
				SKIP_INSTALL = YES;
				TARGETED_DEVICE_FAMILY = 1;
			};
			name = Debug;
		};
		BC2381421BB462180060CC80 /* Release */ = {
			isa = XCBuildConfiguration;
			buildSettings = {
				DEFINES_MODULE = YES;
				DYLIB_COMPATIBILITY_VERSION = 1;
				DYLIB_CURRENT_VERSION = 1;
				DYLIB_INSTALL_NAME_BASE = "@rpath";
				INFOPLIST_FILE = "$(SRCROOT)/Source/Info.plist";
				INSTALL_PATH = "$(LOCAL_LIBRARY_DIR)/Frameworks";
				LD_RUNPATH_SEARCH_PATHS = "$(inherited) @executable_path/Frameworks @loader_path/Frameworks";
				PRODUCT_BUNDLE_IDENTIFIER = com.uphold.upholdsdk;
				PRODUCT_NAME = UpholdSdk;
				SKIP_INSTALL = YES;
				TARGETED_DEVICE_FAMILY = 1;
			};
			name = Release;
		};
		BC2381441BB462180060CC80 /* Debug */ = {
			isa = XCBuildConfiguration;
			buildSettings = {
				INFOPLIST_FILE = Tests/Info.plist;
				LD_RUNPATH_SEARCH_PATHS = "$(inherited) @executable_path/Frameworks @loader_path/Frameworks";
				PRODUCT_BUNDLE_IDENTIFIER = com.uphold.upholdsdktests;
				PRODUCT_NAME = UpholdSdkTests;
			};
			name = Debug;
		};
		BC2381451BB462180060CC80 /* Release */ = {
			isa = XCBuildConfiguration;
			buildSettings = {
				INFOPLIST_FILE = Tests/Info.plist;
				LD_RUNPATH_SEARCH_PATHS = "$(inherited) @executable_path/Frameworks @loader_path/Frameworks";
				PRODUCT_BUNDLE_IDENTIFIER = com.uphold.upholdsdktests;
				PRODUCT_NAME = UpholdSdkTests;
			};
			name = Release;
		};
/* End XCBuildConfiguration section */

/* Begin XCConfigurationList section */
		BC2381261BB462170060CC80 /* Build configuration list for PBXProject "UpholdSdk" */ = {
			isa = XCConfigurationList;
			buildConfigurations = (
				BC23813E1BB462180060CC80 /* Debug */,
				BC23813F1BB462180060CC80 /* Release */,
			);
			defaultConfigurationIsVisible = 0;
			defaultConfigurationName = Release;
		};
		BC2381401BB462180060CC80 /* Build configuration list for PBXNativeTarget "UpholdSdk" */ = {
			isa = XCConfigurationList;
			buildConfigurations = (
				BC2381411BB462180060CC80 /* Debug */,
				BC2381421BB462180060CC80 /* Release */,
			);
			defaultConfigurationIsVisible = 0;
			defaultConfigurationName = Release;
		};
		BC2381431BB462180060CC80 /* Build configuration list for PBXNativeTarget "UpholdSdkTests" */ = {
			isa = XCConfigurationList;
			buildConfigurations = (
				BC2381441BB462180060CC80 /* Debug */,
				BC2381451BB462180060CC80 /* Release */,
			);
			defaultConfigurationIsVisible = 0;
			defaultConfigurationName = Release;
		};
/* End XCConfigurationList section */
	};
	rootObject = BC2381231BB462170060CC80 /* Project object */;
}
